// !$*UTF8*$!
{
	archiveVersion = 1;
	classes = {
	};
	objectVersion = 46;
	objects = {

/* Begin PBXBuildFile section */
		D1592FDA13E427710050A28B /* UIKit.framework in Frameworks */ = {isa = PBXBuildFile; fileRef = D1592FD913E427710050A28B /* UIKit.framework */; };
		D1592FDC13E427710050A28B /* Foundation.framework in Frameworks */ = {isa = PBXBuildFile; fileRef = D1592FDB13E427710050A28B /* Foundation.framework */; };
		D1592FDE13E427710050A28B /* CoreGraphics.framework in Frameworks */ = {isa = PBXBuildFile; fileRef = D1592FDD13E427710050A28B /* CoreGraphics.framework */; };
		D1592FE413E427710050A28B /* InfoPlist.strings in Resources */ = {isa = PBXBuildFile; fileRef = D1592FE213E427710050A28B /* InfoPlist.strings */; };
		D1592FE713E427710050A28B /* main.m in Sources */ = {isa = PBXBuildFile; fileRef = D1592FE613E427710050A28B /* main.m */; };
		D1592FEA13E427710050A28B /* xcardAppDelegate.m in Sources */ = {isa = PBXBuildFile; fileRef = D1592FE913E427710050A28B /* xcardAppDelegate.m */; };
		D1592FED13E427710050A28B /* MainWindow.xib in Resources */ = {isa = PBXBuildFile; fileRef = D1592FEB13E427710050A28B /* MainWindow.xib */; };
		D1592FF013E427710050A28B /* FirstViewController.m in Sources */ = {isa = PBXBuildFile; fileRef = D1592FEF13E427710050A28B /* FirstViewController.m */; };
		D1592FF313E427710050A28B /* SecondViewController.m in Sources */ = {isa = PBXBuildFile; fileRef = D1592FF213E427710050A28B /* SecondViewController.m */; };
		D1592FF613E427710050A28B /* FirstView.xib in Resources */ = {isa = PBXBuildFile; fileRef = D1592FF413E427710050A28B /* FirstView.xib */; };
		D1592FF913E427710050A28B /* SecondView.xib in Resources */ = {isa = PBXBuildFile; fileRef = D1592FF713E427710050A28B /* SecondView.xib */; };
		D159300013E427710050A28B /* UIKit.framework in Frameworks */ = {isa = PBXBuildFile; fileRef = D1592FD913E427710050A28B /* UIKit.framework */; };
		D159300113E427710050A28B /* Foundation.framework in Frameworks */ = {isa = PBXBuildFile; fileRef = D1592FDB13E427710050A28B /* Foundation.framework */; };
		D159300213E427710050A28B /* CoreGraphics.framework in Frameworks */ = {isa = PBXBuildFile; fileRef = D1592FDD13E427710050A28B /* CoreGraphics.framework */; };
		D159300A13E427710050A28B /* InfoPlist.strings in Resources */ = {isa = PBXBuildFile; fileRef = D159300813E427710050A28B /* InfoPlist.strings */; };
		D159300D13E427710050A28B /* xcardTests.h in Resources */ = {isa = PBXBuildFile; fileRef = D159300C13E427710050A28B /* xcardTests.h */; };
		D159300F13E427710050A28B /* xcardTests.m in Sources */ = {isa = PBXBuildFile; fileRef = D159300E13E427710050A28B /* xcardTests.m */; };
/* End PBXBuildFile section */

/* Begin PBXContainerItemProxy section */
		D159300313E427710050A28B /* PBXContainerItemProxy */ = {
			isa = PBXContainerItemProxy;
			containerPortal = D1592FCC13E427710050A28B /* Project object */;
			proxyType = 1;
			remoteGlobalIDString = D1592FD413E427710050A28B;
			remoteInfo = xcard;
		};
/* End PBXContainerItemProxy section */

/* Begin PBXFileReference section */
		D1592FD513E427710050A28B /* xcard.app */ = {isa = PBXFileReference; explicitFileType = wrapper.application; includeInIndex = 0; path = xcard.app; sourceTree = BUILT_PRODUCTS_DIR; };
		D1592FD913E427710050A28B /* UIKit.framework */ = {isa = PBXFileReference; lastKnownFileType = wrapper.framework; name = UIKit.framework; path = System/Library/Frameworks/UIKit.framework; sourceTree = SDKROOT; };
		D1592FDB13E427710050A28B /* Foundation.framework */ = {isa = PBXFileReference; lastKnownFileType = wrapper.framework; name = Foundation.framework; path = System/Library/Frameworks/Foundation.framework; sourceTree = SDKROOT; };
		D1592FDD13E427710050A28B /* CoreGraphics.framework */ = {isa = PBXFileReference; lastKnownFileType = wrapper.framework; name = CoreGraphics.framework; path = System/Library/Frameworks/CoreGraphics.framework; sourceTree = SDKROOT; };
		D1592FE113E427710050A28B /* xcard-Info.plist */ = {isa = PBXFileReference; lastKnownFileType = text.plist.xml; path = "xcard-Info.plist"; sourceTree = "<group>"; };
		D1592FE313E427710050A28B /* en */ = {isa = PBXFileReference; lastKnownFileType = text.plist.strings; name = en; path = en.lproj/InfoPlist.strings; sourceTree = "<group>"; };
		D1592FE513E427710050A28B /* xcard-Prefix.pch */ = {isa = PBXFileReference; lastKnownFileType = sourcecode.c.h; path = "xcard-Prefix.pch"; sourceTree = "<group>"; };
		D1592FE613E427710050A28B /* main.m */ = {isa = PBXFileReference; lastKnownFileType = sourcecode.c.objc; path = main.m; sourceTree = "<group>"; };
		D1592FE813E427710050A28B /* xcardAppDelegate.h */ = {isa = PBXFileReference; lastKnownFileType = sourcecode.c.h; path = xcardAppDelegate.h; sourceTree = "<group>"; };
		D1592FE913E427710050A28B /* xcardAppDelegate.m */ = {isa = PBXFileReference; lastKnownFileType = sourcecode.c.objc; path = xcardAppDelegate.m; sourceTree = "<group>"; };
		D1592FEC13E427710050A28B /* en */ = {isa = PBXFileReference; lastKnownFileType = file.xib; name = en; path = en.lproj/MainWindow.xib; sourceTree = "<group>"; };
		D1592FEE13E427710050A28B /* FirstViewController.h */ = {isa = PBXFileReference; lastKnownFileType = sourcecode.c.h; path = FirstViewController.h; sourceTree = "<group>"; };
		D1592FEF13E427710050A28B /* FirstViewController.m */ = {isa = PBXFileReference; lastKnownFileType = sourcecode.c.objc; path = FirstViewController.m; sourceTree = "<group>"; };
		D1592FF113E427710050A28B /* SecondViewController.h */ = {isa = PBXFileReference; lastKnownFileType = sourcecode.c.h; path = SecondViewController.h; sourceTree = "<group>"; };
		D1592FF213E427710050A28B /* SecondViewController.m */ = {isa = PBXFileReference; lastKnownFileType = sourcecode.c.objc; path = SecondViewController.m; sourceTree = "<group>"; };
		D1592FF513E427710050A28B /* en */ = {isa = PBXFileReference; lastKnownFileType = file.xib; name = en; path = en.lproj/FirstView.xib; sourceTree = "<group>"; };
		D1592FF813E427710050A28B /* en */ = {isa = PBXFileReference; lastKnownFileType = file.xib; name = en; path = en.lproj/SecondView.xib; sourceTree = "<group>"; };
		D1592FFF13E427710050A28B /* xcardTests.octest */ = {isa = PBXFileReference; explicitFileType = wrapper.cfbundle; includeInIndex = 0; path = xcardTests.octest; sourceTree = BUILT_PRODUCTS_DIR; };
		D159300713E427710050A28B /* xcardTests-Info.plist */ = {isa = PBXFileReference; lastKnownFileType = text.plist.xml; path = "xcardTests-Info.plist"; sourceTree = "<group>"; };
		D159300913E427710050A28B /* en */ = {isa = PBXFileReference; lastKnownFileType = text.plist.strings; name = en; path = en.lproj/InfoPlist.strings; sourceTree = "<group>"; };
		D159300B13E427710050A28B /* xcardTests-Prefix.pch */ = {isa = PBXFileReference; lastKnownFileType = sourcecode.c.h; path = "xcardTests-Prefix.pch"; sourceTree = "<group>"; };
		D159300C13E427710050A28B /* xcardTests.h */ = {isa = PBXFileReference; lastKnownFileType = sourcecode.c.h; path = xcardTests.h; sourceTree = "<group>"; };
		D159300E13E427710050A28B /* xcardTests.m */ = {isa = PBXFileReference; lastKnownFileType = sourcecode.c.objc; path = xcardTests.m; sourceTree = "<group>"; };
/* End PBXFileReference section */

/* Begin PBXFrameworksBuildPhase section */
		D1592FD213E427710050A28B /* Frameworks */ = {
			isa = PBXFrameworksBuildPhase;
			buildActionMask = 2147483647;
			files = (
				D1592FDA13E427710050A28B /* UIKit.framework in Frameworks */,
				D1592FDC13E427710050A28B /* Foundation.framework in Frameworks */,
				D1592FDE13E427710050A28B /* CoreGraphics.framework in Frameworks */,
			);
			runOnlyForDeploymentPostprocessing = 0;
		};
		D1592FFB13E427710050A28B /* Frameworks */ = {
			isa = PBXFrameworksBuildPhase;
			buildActionMask = 2147483647;
			files = (
				D159300013E427710050A28B /* UIKit.framework in Frameworks */,
				D159300113E427710050A28B /* Foundation.framework in Frameworks */,
				D159300213E427710050A28B /* CoreGraphics.framework in Frameworks */,
			);
			runOnlyForDeploymentPostprocessing = 0;
		};
/* End PBXFrameworksBuildPhase section */

/* Begin PBXGroup section */
		D1592FCA13E427710050A28B = {
			isa = PBXGroup;
			children = (
				D1592FDF13E427710050A28B /* xcard */,
				D159300513E427710050A28B /* xcardTests */,
				D1592FD813E427710050A28B /* Frameworks */,
				D1592FD613E427710050A28B /* Products */,
			);
			sourceTree = "<group>";
		};
		D1592FD613E427710050A28B /* Products */ = {
			isa = PBXGroup;
			children = (
				D1592FD513E427710050A28B /* xcard.app */,
				D1592FFF13E427710050A28B /* xcardTests.octest */,
			);
			name = Products;
			sourceTree = "<group>";
		};
		D1592FD813E427710050A28B /* Frameworks */ = {
			isa = PBXGroup;
			children = (
				D1592FD913E427710050A28B /* UIKit.framework */,
				D1592FDB13E427710050A28B /* Foundation.framework */,
				D1592FDD13E427710050A28B /* CoreGraphics.framework */,
			);
			name = Frameworks;
			sourceTree = "<group>";
		};
		D1592FDF13E427710050A28B /* xcard */ = {
			isa = PBXGroup;
			children = (
				D1592FE813E427710050A28B /* xcardAppDelegate.h */,
				D1592FE913E427710050A28B /* xcardAppDelegate.m */,
				D1592FEB13E427710050A28B /* MainWindow.xib */,
				D1592FEE13E427710050A28B /* FirstViewController.h */,
				D1592FEF13E427710050A28B /* FirstViewController.m */,
				D1592FF113E427710050A28B /* SecondViewController.h */,
				D1592FF213E427710050A28B /* SecondViewController.m */,
				D1592FF413E427710050A28B /* FirstView.xib */,
				D1592FF713E427710050A28B /* SecondView.xib */,
				D1592FE013E427710050A28B /* Supporting Files */,
			);
			path = xcard;
			sourceTree = "<group>";
		};
		D1592FE013E427710050A28B /* Supporting Files */ = {
			isa = PBXGroup;
			children = (
				D1592FE113E427710050A28B /* xcard-Info.plist */,
				D1592FE213E427710050A28B /* InfoPlist.strings */,
				D1592FE513E427710050A28B /* xcard-Prefix.pch */,
				D1592FE613E427710050A28B /* main.m */,
			);
			name = "Supporting Files";
			sourceTree = "<group>";
		};
		D159300513E427710050A28B /* xcardTests */ = {
			isa = PBXGroup;
			children = (
				D159300C13E427710050A28B /* xcardTests.h */,
				D159300E13E427710050A28B /* xcardTests.m */,
				D159300613E427710050A28B /* Supporting Files */,
			);
			path = xcardTests;
			sourceTree = "<group>";
		};
		D159300613E427710050A28B /* Supporting Files */ = {
			isa = PBXGroup;
			children = (
				D159300713E427710050A28B /* xcardTests-Info.plist */,
				D159300813E427710050A28B /* InfoPlist.strings */,
				D159300B13E427710050A28B /* xcardTests-Prefix.pch */,
			);
			name = "Supporting Files";
			sourceTree = "<group>";
		};
/* End PBXGroup section */

/* Begin PBXNativeTarget section */
		D1592FD413E427710050A28B /* xcard */ = {
			isa = PBXNativeTarget;
			buildConfigurationList = D159301213E427710050A28B /* Build configuration list for PBXNativeTarget "xcard" */;
			buildPhases = (
				D1592FD113E427710050A28B /* Sources */,
				D1592FD213E427710050A28B /* Frameworks */,
				D1592FD313E427710050A28B /* Resources */,
			);
			buildRules = (
			);
			dependencies = (
			);
			name = xcard;
			productName = xcard;
			productReference = D1592FD513E427710050A28B /* xcard.app */;
			productType = "com.apple.product-type.application";
		};
		D1592FFE13E427710050A28B /* xcardTests */ = {
			isa = PBXNativeTarget;
			buildConfigurationList = D159301513E427710050A28B /* Build configuration list for PBXNativeTarget "xcardTests" */;
			buildPhases = (
				D1592FFA13E427710050A28B /* Sources */,
				D1592FFB13E427710050A28B /* Frameworks */,
				D1592FFC13E427710050A28B /* Resources */,
				D1592FFD13E427710050A28B /* ShellScript */,
			);
			buildRules = (
			);
			dependencies = (
				D159300413E427710050A28B /* PBXTargetDependency */,
			);
			name = xcardTests;
			productName = xcardTests;
			productReference = D1592FFF13E427710050A28B /* xcardTests.octest */;
			productType = "com.apple.product-type.bundle";
		};
/* End PBXNativeTarget section */

/* Begin PBXProject section */
		D1592FCC13E427710050A28B /* Project object */ = {
			isa = PBXProject;
			attributes = {
				ORGANIZATIONNAME = SPK;
			};
			buildConfigurationList = D1592FCF13E427710050A28B /* Build configuration list for PBXProject "xcard" */;
			compatibilityVersion = "Xcode 3.2";
			developmentRegion = English;
			hasScannedForEncodings = 0;
			knownRegions = (
				en,
			);
			mainGroup = D1592FCA13E427710050A28B;
			productRefGroup = D1592FD613E427710050A28B /* Products */;
			projectDirPath = "";
			projectRoot = "";
			targets = (
				D1592FD413E427710050A28B /* xcard */,
				D1592FFE13E427710050A28B /* xcardTests */,
			);
		};
/* End PBXProject section */

/* Begin PBXResourcesBuildPhase section */
		D1592FD313E427710050A28B /* Resources */ = {
			isa = PBXResourcesBuildPhase;
			buildActionMask = 2147483647;
			files = (
				D1592FE413E427710050A28B /* InfoPlist.strings in Resources */,
				D1592FED13E427710050A28B /* MainWindow.xib in Resources */,
				D1592FF613E427710050A28B /* FirstView.xib in Resources */,
				D1592FF913E427710050A28B /* SecondView.xib in Resources */,
			);
			runOnlyForDeploymentPostprocessing = 0;
		};
		D1592FFC13E427710050A28B /* Resources */ = {
			isa = PBXResourcesBuildPhase;
			buildActionMask = 2147483647;
			files = (
				D159300A13E427710050A28B /* InfoPlist.strings in Resources */,
				D159300D13E427710050A28B /* xcardTests.h in Resources */,
			);
			runOnlyForDeploymentPostprocessing = 0;
		};
/* End PBXResourcesBuildPhase section */

/* Begin PBXShellScriptBuildPhase section */
		D1592FFD13E427710050A28B /* ShellScript */ = {
			isa = PBXShellScriptBuildPhase;
			buildActionMask = 2147483647;
			files = (
			);
			inputPaths = (
			);
			outputPaths = (
			);
			runOnlyForDeploymentPostprocessing = 0;
			shellPath = /bin/sh;
			shellScript = "# Run the unit tests in this test bundle.\n\"${SYSTEM_DEVELOPER_DIR}/Tools/RunUnitTests\"\n";
		};
/* End PBXShellScriptBuildPhase section */

/* Begin PBXSourcesBuildPhase section */
		D1592FD113E427710050A28B /* Sources */ = {
			isa = PBXSourcesBuildPhase;
			buildActionMask = 2147483647;
			files = (
				D1592FE713E427710050A28B /* main.m in Sources */,
				D1592FEA13E427710050A28B /* xcardAppDelegate.m in Sources */,
				D1592FF013E427710050A28B /* FirstViewController.m in Sources */,
				D1592FF313E427710050A28B /* SecondViewController.m in Sources */,
			);
			runOnlyForDeploymentPostprocessing = 0;
		};
		D1592FFA13E427710050A28B /* Sources */ = {
			isa = PBXSourcesBuildPhase;
			buildActionMask = 2147483647;
			files = (
				D159300F13E427710050A28B /* xcardTests.m in Sources */,
			);
			runOnlyForDeploymentPostprocessing = 0;
		};
/* End PBXSourcesBuildPhase section */

/* Begin PBXTargetDependency section */
		D159300413E427710050A28B /* PBXTargetDependency */ = {
			isa = PBXTargetDependency;
			target = D1592FD413E427710050A28B /* xcard */;
			targetProxy = D159300313E427710050A28B /* PBXContainerItemProxy */;
		};
/* End PBXTargetDependency section */

/* Begin PBXVariantGroup section */
		D1592FE213E427710050A28B /* InfoPlist.strings */ = {
			isa = PBXVariantGroup;
			children = (
				D1592FE313E427710050A28B /* en */,
			);
			name = InfoPlist.strings;
			sourceTree = "<group>";
		};
		D1592FEB13E427710050A28B /* MainWindow.xib */ = {
			isa = PBXVariantGroup;
			children = (
				D1592FEC13E427710050A28B /* en */,
			);
			name = MainWindow.xib;
			sourceTree = "<group>";
		};
		D1592FF413E427710050A28B /* FirstView.xib */ = {
			isa = PBXVariantGroup;
			children = (
				D1592FF513E427710050A28B /* en */,
			);
			name = FirstView.xib;
			sourceTree = "<group>";
		};
		D1592FF713E427710050A28B /* SecondView.xib */ = {
			isa = PBXVariantGroup;
			children = (
				D1592FF813E427710050A28B /* en */,
			);
			name = SecondView.xib;
			sourceTree = "<group>";
		};
		D159300813E427710050A28B /* InfoPlist.strings */ = {
			isa = PBXVariantGroup;
			children = (
				D159300913E427710050A28B /* en */,
			);
			name = InfoPlist.strings;
			sourceTree = "<group>";
		};
/* End PBXVariantGroup section */

/* Begin XCBuildConfiguration section */
		D159301013E427710050A28B /* Debug */ = {
			isa = XCBuildConfiguration;
			buildSettings = {
				ARCHS = "$(ARCHS_STANDARD_32_BIT)";
				"CODE_SIGN_IDENTITY[sdk=iphoneos*]" = "iPhone Developer";
				GCC_C_LANGUAGE_STANDARD = gnu99;
				GCC_OPTIMIZATION_LEVEL = 0;
				GCC_PREPROCESSOR_DEFINITIONS = DEBUG;
				GCC_SYMBOLS_PRIVATE_EXTERN = NO;
				GCC_VERSION = com.apple.compilers.llvmgcc42;
				GCC_WARN_ABOUT_RETURN_TYPE = YES;
				GCC_WARN_UNUSED_VARIABLE = YES;
				IPHONEOS_DEPLOYMENT_TARGET = 4.3;
				SDKROOT = iphoneos;
			};
			name = Debug;
		};
		D159301113E427710050A28B /* Release */ = {
			isa = XCBuildConfiguration;
			buildSettings = {
				ARCHS = "$(ARCHS_STANDARD_32_BIT)";
				"CODE_SIGN_IDENTITY[sdk=iphoneos*]" = "iPhone Developer";
				GCC_C_LANGUAGE_STANDARD = gnu99;
				GCC_VERSION = com.apple.compilers.llvmgcc42;
				GCC_WARN_ABOUT_RETURN_TYPE = YES;
				GCC_WARN_UNUSED_VARIABLE = YES;
				IPHONEOS_DEPLOYMENT_TARGET = 4.3;
				OTHER_CFLAGS = "-DNS_BLOCK_ASSERTIONS=1";
				SDKROOT = iphoneos;
			};
			name = Release;
		};
		D159301313E427710050A28B /* Debug */ = {
			isa = XCBuildConfiguration;
			buildSettings = {
				ALWAYS_SEARCH_USER_PATHS = NO;
				COPY_PHASE_STRIP = NO;
				GCC_DYNAMIC_NO_PIC = NO;
				GCC_PRECOMPILE_PREFIX_HEADER = YES;
				GCC_PREFIX_HEADER = "xcard/xcard-Prefix.pch";
				INFOPLIST_FILE = "xcard/xcard-Info.plist";
				PRODUCT_NAME = "$(TARGET_NAME)";
				WRAPPER_EXTENSION = app;
			};
			name = Debug;
		};
		D159301413E427710050A28B /* Release */ = {
			isa = XCBuildConfiguration;
			buildSettings = {
				ALWAYS_SEARCH_USER_PATHS = NO;
				COPY_PHASE_STRIP = YES;
				GCC_PRECOMPILE_PREFIX_HEADER = YES;
				GCC_PREFIX_HEADER = "xcard/xcard-Prefix.pch";
				INFOPLIST_FILE = "xcard/xcard-Info.plist";
				PRODUCT_NAME = "$(TARGET_NAME)";
				VALIDATE_PRODUCT = YES;
				WRAPPER_EXTENSION = app;
			};
			name = Release;
		};
		D159301613E427710050A28B /* Debug */ = {
			isa = XCBuildConfiguration;
			buildSettings = {
				ALWAYS_SEARCH_USER_PATHS = NO;
				BUNDLE_LOADER = "$(BUILT_PRODUCTS_DIR)/xcard.app/xcard";
				FRAMEWORK_SEARCH_PATHS = (
					"$(SDKROOT)/Developer/Library/Frameworks",
					"$(DEVELOPER_LIBRARY_DIR)/Frameworks",
				);
				GCC_PRECOMPILE_PREFIX_HEADER = YES;
				GCC_PREFIX_HEADER = "xcardTests/xcardTests-Prefix.pch";
				INFOPLIST_FILE = "xcardTests/xcardTests-Info.plist";
				OTHER_LDFLAGS = (
					"-framework",
					SenTestingKit,
				);
				PRODUCT_NAME = "$(TARGET_NAME)";
				TEST_HOST = "$(BUNDLE_LOADER)";
				WRAPPER_EXTENSION = octest;
			};
			name = Debug;
		};
		D159301713E427710050A28B /* Release */ = {
			isa = XCBuildConfiguration;
			buildSettings = {
				ALWAYS_SEARCH_USER_PATHS = NO;
				BUNDLE_LOADER = "$(BUILT_PRODUCTS_DIR)/xcard.app/xcard";
				FRAMEWORK_SEARCH_PATHS = (
					"$(SDKROOT)/Developer/Library/Frameworks",
					"$(DEVELOPER_LIBRARY_DIR)/Frameworks",
				);
				GCC_PRECOMPILE_PREFIX_HEADER = YES;
				GCC_PREFIX_HEADER = "xcardTests/xcardTests-Prefix.pch";
				INFOPLIST_FILE = "xcardTests/xcardTests-Info.plist";
				OTHER_LDFLAGS = (
					"-framework",
					SenTestingKit,
				);
				PRODUCT_NAME = "$(TARGET_NAME)";
				TEST_HOST = "$(BUNDLE_LOADER)";
				WRAPPER_EXTENSION = octest;
			};
			name = Release;
		};
/* End XCBuildConfiguration section */

/* Begin XCConfigurationList section */
		D1592FCF13E427710050A28B /* Build configuration list for PBXProject "xcard" */ = {
			isa = XCConfigurationList;
			buildConfigurations = (
				D159301013E427710050A28B /* Debug */,
				D159301113E427710050A28B /* Release */,
			);
			defaultConfigurationIsVisible = 0;
			defaultConfigurationName = Release;
		};
		D159301213E427710050A28B /* Build configuration list for PBXNativeTarget "xcard" */ = {
			isa = XCConfigurationList;
			buildConfigurations = (
				D159301313E427710050A28B /* Debug */,
				D159301413E427710050A28B /* Release */,
			);
			defaultConfigurationIsVisible = 0;
		};
		D159301513E427710050A28B /* Build configuration list for PBXNativeTarget "xcardTests" */ = {
			isa = XCConfigurationList;
			buildConfigurations = (
				D159301613E427710050A28B /* Debug */,
				D159301713E427710050A28B /* Release */,
			);
			defaultConfigurationIsVisible = 0;
		};
/* End XCConfigurationList section */
	};
	rootObject = D1592FCC13E427710050A28B /* Project object */;
}
